
Microsoft Visual Studio Solution File, Format Version 12.00
# Visual Studio Version 17
VisualStudioVersion = 17.4.33122.133
MinimumVisualStudioVersion = 10.0.40219.1
Project("{9A19103F-16F7-4668-BE54-9A1E7A4F7556}") = "OldWarBack", "OldWarBack\OldWarBack.csproj", "{6DFA787A-1521-46CA-817E-6CF7919A937D}"
EndProject
Project("{FAE04EC0-301F-11D3-BF4B-00C04F79EFBC}") = "Infrastructure", "Infrastructure\Infrastructure.csproj", "{B3C92FE3-78CF-4F81-B491-DA90C8A264E7}"
EndProject
Project("{FAE04EC0-301F-11D3-BF4B-00C04F79EFBC}") = "Domain", "Domain\Domain.csproj", "{95833BE2-94A8-4F0C-865C-F7B045FCC99D}"
EndProject
Project("{FAE04EC0-301F-11D3-BF4B-00C04F79EFBC}") = "Core", "Core\Core.csproj", "{2332779C-498A-49A0-B8D4-F85E8F09529A}"
EndProject
Global
	GlobalSection(SolutionConfigurationPlatforms) = preSolution
		Debug|Any CPU = Debug|Any CPU
		Release|Any CPU = Release|Any CPU
	EndGlobalSection
	GlobalSection(ProjectConfigurationPlatforms) = postSolution
		{6DFA787A-1521-46CA-817E-6CF7919A937D}.Debug|Any CPU.ActiveCfg = Debug|Any CPU
		{6DFA787A-1521-46CA-817E-6CF7919A937D}.Debug|Any CPU.Build.0 = Debug|Any CPU
		{6DFA787A-1521-46CA-817E-6CF7919A937D}.Release|Any CPU.ActiveCfg = Release|Any CPU
		{6DFA787A-1521-46CA-817E-6CF7919A937D}.Release|Any CPU.Build.0 = Release|Any CPU
		{B3C92FE3-78CF-4F81-B491-DA90C8A264E7}.Debug|Any CPU.ActiveCfg = Debug|Any CPU
		{B3C92FE3-78CF-4F81-B491-DA90C8A264E7}.Debug|Any CPU.Build.0 = Debug|Any CPU
		{B3C92FE3-78CF-4F81-B491-DA90C8A264E7}.Release|Any CPU.ActiveCfg = Release|Any CPU
		{B3C92FE3-78CF-4F81-B491-DA90C8A264E7}.Release|Any CPU.Build.0 = Release|Any CPU
		{95833BE2-94A8-4F0C-865C-F7B045FCC99D}.Debug|Any CPU.ActiveCfg = Debug|Any CPU
		{95833BE2-94A8-4F0C-865C-F7B045FCC99D}.Debug|Any CPU.Build.0 = Debug|Any CPU
		{95833BE2-94A8-4F0C-865C-F7B045FCC99D}.Release|Any CPU.ActiveCfg = Release|Any CPU
		{95833BE2-94A8-4F0C-865C-F7B045FCC99D}.Release|Any CPU.Build.0 = Release|Any CPU
		{2332779C-498A-49A0-B8D4-F85E8F09529A}.Debug|Any CPU.ActiveCfg = Debug|Any CPU
		{2332779C-498A-49A0-B8D4-F85E8F09529A}.Debug|Any CPU.Build.0 = Debug|Any CPU
		{2332779C-498A-49A0-B8D4-F85E8F09529A}.Release|Any CPU.ActiveCfg = Release|Any CPU
		{2332779C-498A-49A0-B8D4-F85E8F09529A}.Release|Any CPU.Build.0 = Release|Any CPU
	EndGlobalSection
	GlobalSection(SolutionProperties) = preSolution
		HideSolutionNode = FALSE
	EndGlobalSection
	GlobalSection(ExtensibilityGlobals) = postSolution
		SolutionGuid = {4778535B-B593-4E33-B713-B56F8B201738}
	EndGlobalSection
EndGlobal
